
Microsoft Visual Studio Solution File, Format Version 12.00
# Visual Studio Version 16
VisualStudioVersion = 16.0.30717.126
MinimumVisualStudioVersion = 10.0.40219.1
Project("{FAE04EC0-301F-11D3-BF4B-00C04F79EFBC}") = "DashService.Job.Abstraction", "DashService.Job.Abstraction\DashService.Job.Abstraction.csproj", "{3100092F-0D0C-406B-863D-A6AACE72F952}"
EndProject
Global
	GlobalSection(SolutionConfigurationPlatforms) = preSolution
		Debug|Any CPU = Debug|Any CPU
		Release|Any CPU = Release|Any CPU
	EndGlobalSection
	GlobalSection(ProjectConfigurationPlatforms) = postSolution
		{3100092F-0D0C-406B-863D-A6AACE72F952}.Debug|Any CPU.ActiveCfg = Debug|Any CPU
		{3100092F-0D0C-406B-863D-A6AACE72F952}.Debug|Any CPU.Build.0 = Debug|Any CPU
		{3100092F-0D0C-406B-863D-A6AACE72F952}.Release|Any CPU.ActiveCfg = Release|Any CPU
		{3100092F-0D0C-406B-863D-A6AACE72F952}.Release|Any CPU.Build.0 = Release|Any CPU
	EndGlobalSection
	GlobalSection(SolutionProperties) = preSolution
		HideSolutionNode = FALSE
	EndGlobalSection
	GlobalSection(ExtensibilityGlobals) = postSolution
		SolutionGuid = {8FA950FB-D240-4DF9-97D9-3FD8AEC54326}
	EndGlobalSection
EndGlobal
